
Microsoft Visual Studio Solution File, Format Version 12.00
# Visual Studio Version 16
VisualStudioVersion = 16.0.32407.337
MinimumVisualStudioVersion = 10.0.40219.1
Project("{FAE04EC0-301F-11D3-BF4B-00C04F79EFBC}") = "KeyauthGirişSistemi", "KeyauthGirişSistemi\KeyauthGirişSistemi.csproj", "{02BE9584-2AD4-4D6A-846C-6F69641D8522}"
EndProject
Global
	GlobalSection(SolutionConfigurationPlatforms) = preSolution
		Debug|Any CPU = Debug|Any CPU
		Release|Any CPU = Release|Any CPU
	EndGlobalSection
	GlobalSection(ProjectConfigurationPlatforms) = postSolution
		{02BE9584-2AD4-4D6A-846C-6F69641D8522}.Debug|Any CPU.ActiveCfg = Debug|Any CPU
		{02BE9584-2AD4-4D6A-846C-6F69641D8522}.Debug|Any CPU.Build.0 = Debug|Any CPU
		{02BE9584-2AD4-4D6A-846C-6F69641D8522}.Release|Any CPU.ActiveCfg = Release|Any CPU
		{02BE9584-2AD4-4D6A-846C-6F69641D8522}.Release|Any CPU.Build.0 = Release|Any CPU
	EndGlobalSection
	GlobalSection(SolutionProperties) = preSolution
		HideSolutionNode = FALSE
	EndGlobalSection
	GlobalSection(ExtensibilityGlobals) = postSolution
		SolutionGuid = {D4914F8E-E6A6-4354-861C-AC222EFC4953}
	EndGlobalSection
EndGlobal
